// !$*UTF8*$!
{
	archiveVersion = 1;
	classes = {
	};
	objectVersion = 46;
	objects = {

/* Begin PBXBuildFile section */
		7300565A1DC9C4A9001631E8 /* main.m in Sources */ = {isa = PBXBuildFile; fileRef = 730056591DC9C4A9001631E8 /* main.m */; };
		7300565D1DC9C4A9001631E8 /* AppDelegate.m in Sources */ = {isa = PBXBuildFile; fileRef = 7300565C1DC9C4A9001631E8 /* AppDelegate.m */; };
		730056601DC9C4A9001631E8 /* ViewController.m in Sources */ = {isa = PBXBuildFile; fileRef = 7300565F1DC9C4A9001631E8 /* ViewController.m */; };
		730056631DC9C4A9001631E8 /* Main.storyboard in Resources */ = {isa = PBXBuildFile; fileRef = 730056611DC9C4A9001631E8 /* Main.storyboard */; };
		730056651DC9C4A9001631E8 /* Assets.xcassets in Resources */ = {isa = PBXBuildFile; fileRef = 730056641DC9C4A9001631E8 /* Assets.xcassets */; };
		730056681DC9C4A9001631E8 /* LaunchScreen.storyboard in Resources */ = {isa = PBXBuildFile; fileRef = 730056661DC9C4A9001631E8 /* LaunchScreen.storyboard */; };
		730056731DC9C4A9001631E8 /* WidthWidthTests.m in Sources */ = {isa = PBXBuildFile; fileRef = 730056721DC9C4A9001631E8 /* WidthWidthTests.m */; };
		7300567E1DC9C4A9001631E8 /* WidthWidthUITests.m in Sources */ = {isa = PBXBuildFile; fileRef = 7300567D1DC9C4A9001631E8 /* WidthWidthUITests.m */; };
		7300568D1DC9C6FF001631E8 /* SecondViewController.m in Sources */ = {isa = PBXBuildFile; fileRef = 7300568C1DC9C6FF001631E8 /* SecondViewController.m */; };
		730056901DC9C9D4001631E8 /* CusNavigationViewController.m in Sources */ = {isa = PBXBuildFile; fileRef = 7300568F1DC9C9D4001631E8 /* CusNavigationViewController.m */; };
		730056AD1DC9D64D001631E8 /* MASCompositeConstraint.m in Sources */ = {isa = PBXBuildFile; fileRef = 730056941DC9D64C001631E8 /* MASCompositeConstraint.m */; };
		730056AE1DC9D64D001631E8 /* MASConstraint.m in Sources */ = {isa = PBXBuildFile; fileRef = 730056971DC9D64C001631E8 /* MASConstraint.m */; };
		730056AF1DC9D64D001631E8 /* MASConstraintMaker.m in Sources */ = {isa = PBXBuildFile; fileRef = 730056991DC9D64C001631E8 /* MASConstraintMaker.m */; };
		730056B01DC9D64D001631E8 /* MASLayoutConstraint.m in Sources */ = {isa = PBXBuildFile; fileRef = 7300569B1DC9D64C001631E8 /* MASLayoutConstraint.m */; };
		730056B11DC9D64D001631E8 /* MASViewAttribute.m in Sources */ = {isa = PBXBuildFile; fileRef = 7300569F1DC9D64D001631E8 /* MASViewAttribute.m */; };
		730056B21DC9D64D001631E8 /* MASViewConstraint.m in Sources */ = {isa = PBXBuildFile; fileRef = 730056A11DC9D64D001631E8 /* MASViewConstraint.m */; };
		730056B31DC9D64D001631E8 /* NSArray+MASAdditions.m in Sources */ = {isa = PBXBuildFile; fileRef = 730056A31DC9D64D001631E8 /* NSArray+MASAdditions.m */; };
		730056B41DC9D64D001631E8 /* NSLayoutConstraint+MASDebugAdditions.m in Sources */ = {isa = PBXBuildFile; fileRef = 730056A61DC9D64D001631E8 /* NSLayoutConstraint+MASDebugAdditions.m */; };
		730056B51DC9D64D001631E8 /* View+MASAdditions.m in Sources */ = {isa = PBXBuildFile; fileRef = 730056A81DC9D64D001631E8 /* View+MASAdditions.m */; };
		730056B61DC9D64D001631E8 /* ViewController+MASAdditions.m in Sources */ = {isa = PBXBuildFile; fileRef = 730056AB1DC9D64D001631E8 /* ViewController+MASAdditions.m */; };
		7304D3771DCE045D00A17A2C /* FontView.m in Sources */ = {isa = PBXBuildFile; fileRef = 7304D3761DCE045D00A17A2C /* FontView.m */; };
		7304D37A1DCE093600A17A2C /* previewLayer.m in Sources */ = {isa = PBXBuildFile; fileRef = 7304D3791DCE093600A17A2C /* previewLayer.m */; };
		736201E71DCF207100345C7A /* UILabel+CCFont.m in Sources */ = {isa = PBXBuildFile; fileRef = 736201E01DCF207100345C7A /* UILabel+CCFont.m */; };
		736201E81DCF207100345C7A /* UIView+CCAdditions.m in Sources */ = {isa = PBXBuildFile; fileRef = 736201E21DCF207100345C7A /* UIView+CCAdditions.m */; };
		736201E91DCF207100345C7A /* UIView+CCAlertView.m in Sources */ = {isa = PBXBuildFile; fileRef = 736201E41DCF207100345C7A /* UIView+CCAlertView.m */; };
		736201EA1DCF207100345C7A /* UIView+CCHUD.m in Sources */ = {isa = PBXBuildFile; fileRef = 736201E61DCF207100345C7A /* UIView+CCHUD.m */; };
		736201F11DCF326000345C7A /* CCTools.m in Sources */ = {isa = PBXBuildFile; fileRef = 736201EE1DCF326000345C7A /* CCTools.m */; };
		736201F21DCF326000345C7A /* CCTools+GIF.m in Sources */ = {isa = PBXBuildFile; fileRef = 736201F01DCF326000345C7A /* CCTools+GIF.m */; };
		736201F51DCF6D9C00345C7A /* UserDefault.m in Sources */ = {isa = PBXBuildFile; fileRef = 736201F41DCF6D9C00345C7A /* UserDefault.m */; };
		736201F81DCF7C0D00345C7A /* TakePictureViewController.m in Sources */ = {isa = PBXBuildFile; fileRef = 736201F71DCF7C0D00345C7A /* TakePictureViewController.m */; };
		73FED4571DCAC7E800C0BDA8 /* toolBarBaseView.m in Sources */ = {isa = PBXBuildFile; fileRef = 73FED4561DCAC7E800C0BDA8 /* toolBarBaseView.m */; };
		73FED45A1DCAC80300C0BDA8 /* toolBarTop.m in Sources */ = {isa = PBXBuildFile; fileRef = 73FED4591DCAC80300C0BDA8 /* toolBarTop.m */; };
		73FED45D1DCAC81200C0BDA8 /* tooBarBottom.m in Sources */ = {isa = PBXBuildFile; fileRef = 73FED45C1DCAC81200C0BDA8 /* tooBarBottom.m */; };
		73FED4601DCAC81E00C0BDA8 /* toolBarLeft.m in Sources */ = {isa = PBXBuildFile; fileRef = 73FED45F1DCAC81E00C0BDA8 /* toolBarLeft.m */; };
		73FED4631DCAC82E00C0BDA8 /* toolBarRight.m in Sources */ = {isa = PBXBuildFile; fileRef = 73FED4621DCAC82E00C0BDA8 /* toolBarRight.m */; };
/* End PBXBuildFile section */

/* Begin PBXContainerItemProxy section */
		7300566F1DC9C4A9001631E8 /* PBXContainerItemProxy */ = {
			isa = PBXContainerItemProxy;
			containerPortal = 7300564D1DC9C4A9001631E8 /* Project object */;
			proxyType = 1;
			remoteGlobalIDString = 730056541DC9C4A9001631E8;
			remoteInfo = WidthWidth;
		};
		7300567A1DC9C4A9001631E8 /* PBXContainerItemProxy */ = {
			isa = PBXContainerItemProxy;
			containerPortal = 7300564D1DC9C4A9001631E8 /* Project object */;
			proxyType = 1;
			remoteGlobalIDString = 730056541DC9C4A9001631E8;
			remoteInfo = WidthWidth;
		};
/* End PBXContainerItemProxy section */

/* Begin PBXFileReference section */
		730056551DC9C4A9001631E8 /* WidthWidth.app */ = {isa = PBXFileReference; explicitFileType = wrapper.application; includeInIndex = 0; path = WidthWidth.app; sourceTree = BUILT_PRODUCTS_DIR; };
		730056591DC9C4A9001631E8 /* main.m */ = {isa = PBXFileReference; lastKnownFileType = sourcecode.c.objc; path = main.m; sourceTree = "<group>"; };
		7300565B1DC9C4A9001631E8 /* AppDelegate.h */ = {isa = PBXFileReference; lastKnownFileType = sourcecode.c.h; path = AppDelegate.h; sourceTree = "<group>"; };
		7300565C1DC9C4A9001631E8 /* AppDelegate.m */ = {isa = PBXFileReference; lastKnownFileType = sourcecode.c.objc; path = AppDelegate.m; sourceTree = "<group>"; };
		7300565E1DC9C4A9001631E8 /* ViewController.h */ = {isa = PBXFileReference; lastKnownFileType = sourcecode.c.h; path = ViewController.h; sourceTree = "<group>"; };
		7300565F1DC9C4A9001631E8 /* ViewController.m */ = {isa = PBXFileReference; lastKnownFileType = sourcecode.c.objc; path = ViewController.m; sourceTree = "<group>"; };
		730056621DC9C4A9001631E8 /* Base */ = {isa = PBXFileReference; lastKnownFileType = file.storyboard; name = Base; path = Base.lproj/Main.storyboard; sourceTree = "<group>"; };
		730056641DC9C4A9001631E8 /* Assets.xcassets */ = {isa = PBXFileReference; lastKnownFileType = folder.assetcatalog; path = Assets.xcassets; sourceTree = "<group>"; };
		730056671DC9C4A9001631E8 /* Base */ = {isa = PBXFileReference; lastKnownFileType = file.storyboard; name = Base; path = Base.lproj/LaunchScreen.storyboard; sourceTree = "<group>"; };
		730056691DC9C4A9001631E8 /* Info.plist */ = {isa = PBXFileReference; lastKnownFileType = text.plist.xml; path = Info.plist; sourceTree = "<group>"; };
		7300566E1DC9C4A9001631E8 /* WidthWidthTests.xctest */ = {isa = PBXFileReference; explicitFileType = wrapper.cfbundle; includeInIndex = 0; path = WidthWidthTests.xctest; sourceTree = BUILT_PRODUCTS_DIR; };
		730056721DC9C4A9001631E8 /* WidthWidthTests.m */ = {isa = PBXFileReference; lastKnownFileType = sourcecode.c.objc; path = WidthWidthTests.m; sourceTree = "<group>"; };
		730056741DC9C4A9001631E8 /* Info.plist */ = {isa = PBXFileReference; lastKnownFileType = text.plist.xml; path = Info.plist; sourceTree = "<group>"; };
		730056791DC9C4A9001631E8 /* WidthWidthUITests.xctest */ = {isa = PBXFileReference; explicitFileType = wrapper.cfbundle; includeInIndex = 0; path = WidthWidthUITests.xctest; sourceTree = BUILT_PRODUCTS_DIR; };
		7300567D1DC9C4A9001631E8 /* WidthWidthUITests.m */ = {isa = PBXFileReference; lastKnownFileType = sourcecode.c.objc; path = WidthWidthUITests.m; sourceTree = "<group>"; };
		7300567F1DC9C4A9001631E8 /* Info.plist */ = {isa = PBXFileReference; lastKnownFileType = text.plist.xml; path = Info.plist; sourceTree = "<group>"; };
		7300568B1DC9C6FF001631E8 /* SecondViewController.h */ = {isa = PBXFileReference; fileEncoding = 4; lastKnownFileType = sourcecode.c.h; path = SecondViewController.h; sourceTree = "<group>"; };
		7300568C1DC9C6FF001631E8 /* SecondViewController.m */ = {isa = PBXFileReference; fileEncoding = 4; lastKnownFileType = sourcecode.c.objc; path = SecondViewController.m; sourceTree = "<group>"; };
		7300568E1DC9C9D4001631E8 /* CusNavigationViewController.h */ = {isa = PBXFileReference; fileEncoding = 4; lastKnownFileType = sourcecode.c.h; path = CusNavigationViewController.h; sourceTree = "<group>"; };
		7300568F1DC9C9D4001631E8 /* CusNavigationViewController.m */ = {isa = PBXFileReference; fileEncoding = 4; lastKnownFileType = sourcecode.c.objc; path = CusNavigationViewController.m; sourceTree = "<group>"; };
		730056931DC9D64C001631E8 /* MASCompositeConstraint.h */ = {isa = PBXFileReference; fileEncoding = 4; lastKnownFileType = sourcecode.c.h; path = MASCompositeConstraint.h; sourceTree = "<group>"; };
		730056941DC9D64C001631E8 /* MASCompositeConstraint.m */ = {isa = PBXFileReference; fileEncoding = 4; lastKnownFileType = sourcecode.c.objc; path = MASCompositeConstraint.m; sourceTree = "<group>"; };
		730056951DC9D64C001631E8 /* MASConstraint+Private.h */ = {isa = PBXFileReference; fileEncoding = 4; lastKnownFileType = sourcecode.c.h; path = "MASConstraint+Private.h"; sourceTree = "<group>"; };
		730056961DC9D64C001631E8 /* MASConstraint.h */ = {isa = PBXFileReference; fileEncoding = 4; lastKnownFileType = sourcecode.c.h; path = MASConstraint.h; sourceTree = "<group>"; };
		730056971DC9D64C001631E8 /* MASConstraint.m */ = {isa = PBXFileReference; fileEncoding = 4; lastKnownFileType = sourcecode.c.objc; path = MASConstraint.m; sourceTree = "<group>"; };
		730056981DC9D64C001631E8 /* MASConstraintMaker.h */ = {isa = PBXFileReference; fileEncoding = 4; lastKnownFileType = sourcecode.c.h; path = MASConstraintMaker.h; sourceTree = "<group>"; };
		730056991DC9D64C001631E8 /* MASConstraintMaker.m */ = {isa = PBXFileReference; fileEncoding = 4; lastKnownFileType = sourcecode.c.objc; path = MASConstraintMaker.m; sourceTree = "<group>"; };
		7300569A1DC9D64C001631E8 /* MASLayoutConstraint.h */ = {isa = PBXFileReference; fileEncoding = 4; lastKnownFileType = sourcecode.c.h; path = MASLayoutConstraint.h; sourceTree = "<group>"; };
		7300569B1DC9D64C001631E8 /* MASLayoutConstraint.m */ = {isa = PBXFileReference; fileEncoding = 4; lastKnownFileType = sourcecode.c.objc; path = MASLayoutConstraint.m; sourceTree = "<group>"; };
		7300569C1DC9D64C001631E8 /* Masonry.h */ = {isa = PBXFileReference; fileEncoding = 4; lastKnownFileType = sourcecode.c.h; path = Masonry.h; sourceTree = "<group>"; };
		7300569D1DC9D64C001631E8 /* MASUtilities.h */ = {isa = PBXFileReference; fileEncoding = 4; lastKnownFileType = sourcecode.c.h; path = MASUtilities.h; sourceTree = "<group>"; };
		7300569E1DC9D64D001631E8 /* MASViewAttribute.h */ = {isa = PBXFileReference; fileEncoding = 4; lastKnownFileType = sourcecode.c.h; path = MASViewAttribute.h; sourceTree = "<group>"; };
		7300569F1DC9D64D001631E8 /* MASViewAttribute.m */ = {isa = PBXFileReference; fileEncoding = 4; lastKnownFileType = sourcecode.c.objc; path = MASViewAttribute.m; sourceTree = "<group>"; };
		730056A01DC9D64D001631E8 /* MASViewConstraint.h */ = {isa = PBXFileReference; fileEncoding = 4; lastKnownFileType = sourcecode.c.h; path = MASViewConstraint.h; sourceTree = "<group>"; };
		730056A11DC9D64D001631E8 /* MASViewConstraint.m */ = {isa = PBXFileReference; fileEncoding = 4; lastKnownFileType = sourcecode.c.objc; path = MASViewConstraint.m; sourceTree = "<group>"; };
		730056A21DC9D64D001631E8 /* NSArray+MASAdditions.h */ = {isa = PBXFileReference; fileEncoding = 4; lastKnownFileType = sourcecode.c.h; path = "NSArray+MASAdditions.h"; sourceTree = "<group>"; };
		730056A31DC9D64D001631E8 /* NSArray+MASAdditions.m */ = {isa = PBXFileReference; fileEncoding = 4; lastKnownFileType = sourcecode.c.objc; path = "NSArray+MASAdditions.m"; sourceTree = "<group>"; };
		730056A41DC9D64D001631E8 /* NSArray+MASShorthandAdditions.h */ = {isa = PBXFileReference; fileEncoding = 4; lastKnownFileType = sourcecode.c.h; path = "NSArray+MASShorthandAdditions.h"; sourceTree = "<group>"; };
		730056A51DC9D64D001631E8 /* NSLayoutConstraint+MASDebugAdditions.h */ = {isa = PBXFileReference; fileEncoding = 4; lastKnownFileType = sourcecode.c.h; path = "NSLayoutConstraint+MASDebugAdditions.h"; sourceTree = "<group>"; };
		730056A61DC9D64D001631E8 /* NSLayoutConstraint+MASDebugAdditions.m */ = {isa = PBXFileReference; fileEncoding = 4; lastKnownFileType = sourcecode.c.objc; path = "NSLayoutConstraint+MASDebugAdditions.m"; sourceTree = "<group>"; };
		730056A71DC9D64D001631E8 /* View+MASAdditions.h */ = {isa = PBXFileReference; fileEncoding = 4; lastKnownFileType = sourcecode.c.h; path = "View+MASAdditions.h"; sourceTree = "<group>"; };
		730056A81DC9D64D001631E8 /* View+MASAdditions.m */ = {isa = PBXFileReference; fileEncoding = 4; lastKnownFileType = sourcecode.c.objc; path = "View+MASAdditions.m"; sourceTree = "<group>"; };
		730056A91DC9D64D001631E8 /* View+MASShorthandAdditions.h */ = {isa = PBXFileReference; fileEncoding = 4; lastKnownFileType = sourcecode.c.h; path = "View+MASShorthandAdditions.h"; sourceTree = "<group>"; };
		730056AA1DC9D64D001631E8 /* ViewController+MASAdditions.h */ = {isa = PBXFileReference; fileEncoding = 4; lastKnownFileType = sourcecode.c.h; path = "ViewController+MASAdditions.h"; sourceTree = "<group>"; };
		730056AB1DC9D64D001631E8 /* ViewController+MASAdditions.m */ = {isa = PBXFileReference; fileEncoding = 4; lastKnownFileType = sourcecode.c.objc; path = "ViewController+MASAdditions.m"; sourceTree = "<group>"; };
		7304D3751DCE045D00A17A2C /* FontView.h */ = {isa = PBXFileReference; fileEncoding = 4; lastKnownFileType = sourcecode.c.h; path = FontView.h; sourceTree = "<group>"; };
		7304D3761DCE045D00A17A2C /* FontView.m */ = {isa = PBXFileReference; fileEncoding = 4; lastKnownFileType = sourcecode.c.objc; path = FontView.m; sourceTree = "<group>"; };
		7304D3781DCE093600A17A2C /* previewLayer.h */ = {isa = PBXFileReference; fileEncoding = 4; lastKnownFileType = sourcecode.c.h; path = previewLayer.h; sourceTree = "<group>"; };
		7304D3791DCE093600A17A2C /* previewLayer.m */ = {isa = PBXFileReference; fileEncoding = 4; lastKnownFileType = sourcecode.c.objc; path = previewLayer.m; sourceTree = "<group>"; };
		736201DF1DCF207100345C7A /* UILabel+CCFont.h */ = {isa = PBXFileReference; fileEncoding = 4; lastKnownFileType = sourcecode.c.h; path = "UILabel+CCFont.h"; sourceTree = "<group>"; };
		736201E01DCF207100345C7A /* UILabel+CCFont.m */ = {isa = PBXFileReference; fileEncoding = 4; lastKnownFileType = sourcecode.c.objc; path = "UILabel+CCFont.m"; sourceTree = "<group>"; };
		736201E11DCF207100345C7A /* UIView+CCAdditions.h */ = {isa = PBXFileReference; fileEncoding = 4; lastKnownFileType = sourcecode.c.h; path = "UIView+CCAdditions.h"; sourceTree = "<group>"; };
		736201E21DCF207100345C7A /* UIView+CCAdditions.m */ = {isa = PBXFileReference; fileEncoding = 4; lastKnownFileType = sourcecode.c.objc; path = "UIView+CCAdditions.m"; sourceTree = "<group>"; };
		736201E31DCF207100345C7A /* UIView+CCAlertView.h */ = {isa = PBXFileReference; fileEncoding = 4; lastKnownFileType = sourcecode.c.h; path = "UIView+CCAlertView.h"; sourceTree = "<group>"; };
		736201E41DCF207100345C7A /* UIView+CCAlertView.m */ = {isa = PBXFileReference; fileEncoding = 4; lastKnownFileType = sourcecode.c.objc; path = "UIView+CCAlertView.m"; sourceTree = "<group>"; };
		736201E51DCF207100345C7A /* UIView+CCHUD.h */ = {isa = PBXFileReference; fileEncoding = 4; lastKnownFileType = sourcecode.c.h; path = "UIView+CCHUD.h"; sourceTree = "<group>"; };
		736201E61DCF207100345C7A /* UIView+CCHUD.m */ = {isa = PBXFileReference; fileEncoding = 4; lastKnownFileType = sourcecode.c.objc; path = "UIView+CCHUD.m"; sourceTree = "<group>"; };
		736201EB1DCF21E600345C7A /* PrefixHeader.pch */ = {isa = PBXFileReference; lastKnownFileType = sourcecode.c.h; path = PrefixHeader.pch; sourceTree = "<group>"; };
		736201ED1DCF326000345C7A /* CCTools.h */ = {isa = PBXFileReference; fileEncoding = 4; lastKnownFileType = sourcecode.c.h; path = CCTools.h; sourceTree = "<group>"; };
		736201EE1DCF326000345C7A /* CCTools.m */ = {isa = PBXFileReference; fileEncoding = 4; lastKnownFileType = sourcecode.c.objc; path = CCTools.m; sourceTree = "<group>"; };
		736201EF1DCF326000345C7A /* CCTools+GIF.h */ = {isa = PBXFileReference; fileEncoding = 4; lastKnownFileType = sourcecode.c.h; path = "CCTools+GIF.h"; sourceTree = "<group>"; };
		736201F01DCF326000345C7A /* CCTools+GIF.m */ = {isa = PBXFileReference; fileEncoding = 4; lastKnownFileType = sourcecode.c.objc; path = "CCTools+GIF.m"; sourceTree = "<group>"; };
		736201F31DCF6D9C00345C7A /* UserDefault.h */ = {isa = PBXFileReference; fileEncoding = 4; lastKnownFileType = sourcecode.c.h; path = UserDefault.h; sourceTree = "<group>"; };
		736201F41DCF6D9C00345C7A /* UserDefault.m */ = {isa = PBXFileReference; fileEncoding = 4; lastKnownFileType = sourcecode.c.objc; path = UserDefault.m; sourceTree = "<group>"; };
		736201F61DCF7C0D00345C7A /* TakePictureViewController.h */ = {isa = PBXFileReference; fileEncoding = 4; lastKnownFileType = sourcecode.c.h; path = TakePictureViewController.h; sourceTree = "<group>"; };
		736201F71DCF7C0D00345C7A /* TakePictureViewController.m */ = {isa = PBXFileReference; fileEncoding = 4; lastKnownFileType = sourcecode.c.objc; path = TakePictureViewController.m; sourceTree = "<group>"; };
		73FED4551DCAC7E800C0BDA8 /* toolBarBaseView.h */ = {isa = PBXFileReference; fileEncoding = 4; lastKnownFileType = sourcecode.c.h; path = toolBarBaseView.h; sourceTree = "<group>"; };
		73FED4561DCAC7E800C0BDA8 /* toolBarBaseView.m */ = {isa = PBXFileReference; fileEncoding = 4; lastKnownFileType = sourcecode.c.objc; path = toolBarBaseView.m; sourceTree = "<group>"; };
		73FED4581DCAC80300C0BDA8 /* toolBarTop.h */ = {isa = PBXFileReference; fileEncoding = 4; lastKnownFileType = sourcecode.c.h; path = toolBarTop.h; sourceTree = "<group>"; };
		73FED4591DCAC80300C0BDA8 /* toolBarTop.m */ = {isa = PBXFileReference; fileEncoding = 4; lastKnownFileType = sourcecode.c.objc; path = toolBarTop.m; sourceTree = "<group>"; };
		73FED45B1DCAC81200C0BDA8 /* tooBarBottom.h */ = {isa = PBXFileReference; fileEncoding = 4; lastKnownFileType = sourcecode.c.h; path = tooBarBottom.h; sourceTree = "<group>"; };
		73FED45C1DCAC81200C0BDA8 /* tooBarBottom.m */ = {isa = PBXFileReference; fileEncoding = 4; lastKnownFileType = sourcecode.c.objc; path = tooBarBottom.m; sourceTree = "<group>"; };
		73FED45E1DCAC81E00C0BDA8 /* toolBarLeft.h */ = {isa = PBXFileReference; fileEncoding = 4; lastKnownFileType = sourcecode.c.h; path = toolBarLeft.h; sourceTree = "<group>"; };
		73FED45F1DCAC81E00C0BDA8 /* toolBarLeft.m */ = {isa = PBXFileReference; fileEncoding = 4; lastKnownFileType = sourcecode.c.objc; path = toolBarLeft.m; sourceTree = "<group>"; };
		73FED4611DCAC82E00C0BDA8 /* toolBarRight.h */ = {isa = PBXFileReference; fileEncoding = 4; lastKnownFileType = sourcecode.c.h; path = toolBarRight.h; sourceTree = "<group>"; };
		73FED4621DCAC82E00C0BDA8 /* toolBarRight.m */ = {isa = PBXFileReference; fileEncoding = 4; lastKnownFileType = sourcecode.c.objc; path = toolBarRight.m; sourceTree = "<group>"; };
/* End PBXFileReference section */

/* Begin PBXFrameworksBuildPhase section */
		730056521DC9C4A9001631E8 /* Frameworks */ = {
			isa = PBXFrameworksBuildPhase;
			buildActionMask = 2147483647;
			files = (
			);
			runOnlyForDeploymentPostprocessing = 0;
		};
		7300566B1DC9C4A9001631E8 /* Frameworks */ = {
			isa = PBXFrameworksBuildPhase;
			buildActionMask = 2147483647;
			files = (
			);
			runOnlyForDeploymentPostprocessing = 0;
		};
		730056761DC9C4A9001631E8 /* Frameworks */ = {
			isa = PBXFrameworksBuildPhase;
			buildActionMask = 2147483647;
			files = (
			);
			runOnlyForDeploymentPostprocessing = 0;
		};
/* End PBXFrameworksBuildPhase section */

/* Begin PBXGroup section */
		7300564C1DC9C4A9001631E8 = {
			isa = PBXGroup;
			children = (
				730056B71DCA19C3001631E8 /* Third */,
				730056571DC9C4A9001631E8 /* WidthWidth */,
				730056711DC9C4A9001631E8 /* WidthWidthTests */,
				7300567C1DC9C4A9001631E8 /* WidthWidthUITests */,
				730056561DC9C4A9001631E8 /* Products */,
			);
			sourceTree = "<group>";
		};
		730056561DC9C4A9001631E8 /* Products */ = {
			isa = PBXGroup;
			children = (
				730056551DC9C4A9001631E8 /* WidthWidth.app */,
				7300566E1DC9C4A9001631E8 /* WidthWidthTests.xctest */,
				730056791DC9C4A9001631E8 /* WidthWidthUITests.xctest */,
			);
			name = Products;
			sourceTree = "<group>";
		};
		730056571DC9C4A9001631E8 /* WidthWidth */ = {
			isa = PBXGroup;
			children = (
				730056B81DCA19E6001631E8 /* SecondPage */,
				7300565B1DC9C4A9001631E8 /* AppDelegate.h */,
				7300565C1DC9C4A9001631E8 /* AppDelegate.m */,
				7300565E1DC9C4A9001631E8 /* ViewController.h */,
				7300565F1DC9C4A9001631E8 /* ViewController.m */,
				7300568E1DC9C9D4001631E8 /* CusNavigationViewController.h */,
				7300568F1DC9C9D4001631E8 /* CusNavigationViewController.m */,
				730056611DC9C4A9001631E8 /* Main.storyboard */,
				730056641DC9C4A9001631E8 /* Assets.xcassets */,
				730056661DC9C4A9001631E8 /* LaunchScreen.storyboard */,
				730056691DC9C4A9001631E8 /* Info.plist */,
				730056581DC9C4A9001631E8 /* Supporting Files */,
			);
			path = WidthWidth;
			sourceTree = "<group>";
		};
		730056581DC9C4A9001631E8 /* Supporting Files */ = {
			isa = PBXGroup;
			children = (
				730056591DC9C4A9001631E8 /* main.m */,
				736201EB1DCF21E600345C7A /* PrefixHeader.pch */,
			);
			name = "Supporting Files";
			sourceTree = "<group>";
		};
		730056711DC9C4A9001631E8 /* WidthWidthTests */ = {
			isa = PBXGroup;
			children = (
				730056721DC9C4A9001631E8 /* WidthWidthTests.m */,
				730056741DC9C4A9001631E8 /* Info.plist */,
			);
			path = WidthWidthTests;
			sourceTree = "<group>";
		};
		7300567C1DC9C4A9001631E8 /* WidthWidthUITests */ = {
			isa = PBXGroup;
			children = (
				7300567D1DC9C4A9001631E8 /* WidthWidthUITests.m */,
				7300567F1DC9C4A9001631E8 /* Info.plist */,
			);
			path = WidthWidthUITests;
			sourceTree = "<group>";
		};
		730056911DC9D64C001631E8 /* Masonry */ = {
			isa = PBXGroup;
			children = (
				730056931DC9D64C001631E8 /* MASCompositeConstraint.h */,
				730056941DC9D64C001631E8 /* MASCompositeConstraint.m */,
				730056951DC9D64C001631E8 /* MASConstraint+Private.h */,
				730056961DC9D64C001631E8 /* MASConstraint.h */,
				730056971DC9D64C001631E8 /* MASConstraint.m */,
				730056981DC9D64C001631E8 /* MASConstraintMaker.h */,
				730056991DC9D64C001631E8 /* MASConstraintMaker.m */,
				7300569A1DC9D64C001631E8 /* MASLayoutConstraint.h */,
				7300569B1DC9D64C001631E8 /* MASLayoutConstraint.m */,
				7300569C1DC9D64C001631E8 /* Masonry.h */,
				7300569D1DC9D64C001631E8 /* MASUtilities.h */,
				7300569E1DC9D64D001631E8 /* MASViewAttribute.h */,
				7300569F1DC9D64D001631E8 /* MASViewAttribute.m */,
				730056A01DC9D64D001631E8 /* MASViewConstraint.h */,
				730056A11DC9D64D001631E8 /* MASViewConstraint.m */,
				730056A21DC9D64D001631E8 /* NSArray+MASAdditions.h */,
				730056A31DC9D64D001631E8 /* NSArray+MASAdditions.m */,
				730056A41DC9D64D001631E8 /* NSArray+MASShorthandAdditions.h */,
				730056A51DC9D64D001631E8 /* NSLayoutConstraint+MASDebugAdditions.h */,
				730056A61DC9D64D001631E8 /* NSLayoutConstraint+MASDebugAdditions.m */,
				730056A71DC9D64D001631E8 /* View+MASAdditions.h */,
				730056A81DC9D64D001631E8 /* View+MASAdditions.m */,
				730056A91DC9D64D001631E8 /* View+MASShorthandAdditions.h */,
				730056AA1DC9D64D001631E8 /* ViewController+MASAdditions.h */,
				730056AB1DC9D64D001631E8 /* ViewController+MASAdditions.m */,
			);
			path = Masonry;
			sourceTree = "<group>";
		};
		730056B71DCA19C3001631E8 /* Third */ = {
			isa = PBXGroup;
			children = (
				730056911DC9D64C001631E8 /* Masonry */,
			);
			name = Third;
			sourceTree = "<group>";
		};
		730056B81DCA19E6001631E8 /* SecondPage */ = {
			isa = PBXGroup;
			children = (
				73FED4501DCAC3F600C0BDA8 /* Model */,
				73FED44F1DCAC3E900C0BDA8 /* Controller */,
				73FED44E1DCAC3DF00C0BDA8 /* View */,
				7304D3781DCE093600A17A2C /* previewLayer.h */,
				7304D3791DCE093600A17A2C /* previewLayer.m */,
			);
			name = SecondPage;
			sourceTree = "<group>";
		};
		736201DE1DCF203400345C7A /* Categories */ = {
			isa = PBXGroup;
			children = (
				736201DF1DCF207100345C7A /* UILabel+CCFont.h */,
				736201E01DCF207100345C7A /* UILabel+CCFont.m */,
				736201E11DCF207100345C7A /* UIView+CCAdditions.h */,
				736201E21DCF207100345C7A /* UIView+CCAdditions.m */,
				736201E31DCF207100345C7A /* UIView+CCAlertView.h */,
				736201E41DCF207100345C7A /* UIView+CCAlertView.m */,
				736201E51DCF207100345C7A /* UIView+CCHUD.h */,
				736201E61DCF207100345C7A /* UIView+CCHUD.m */,
			);
			name = Categories;
			sourceTree = "<group>";
		};
		736201EC1DCF323600345C7A /* Tools */ = {
			isa = PBXGroup;
			children = (
				736201ED1DCF326000345C7A /* CCTools.h */,
				736201EE1DCF326000345C7A /* CCTools.m */,
				736201EF1DCF326000345C7A /* CCTools+GIF.h */,
				736201F01DCF326000345C7A /* CCTools+GIF.m */,
			);
			name = Tools;
			sourceTree = "<group>";
		};
		73FED44E1DCAC3DF00C0BDA8 /* View */ = {
			isa = PBXGroup;
			children = (
				736201EC1DCF323600345C7A /* Tools */,
				736201DE1DCF203400345C7A /* Categories */,
				73FED4551DCAC7E800C0BDA8 /* toolBarBaseView.h */,
				73FED4561DCAC7E800C0BDA8 /* toolBarBaseView.m */,
				73FED4581DCAC80300C0BDA8 /* toolBarTop.h */,
				73FED4591DCAC80300C0BDA8 /* toolBarTop.m */,
				73FED45B1DCAC81200C0BDA8 /* tooBarBottom.h */,
				73FED45C1DCAC81200C0BDA8 /* tooBarBottom.m */,
				73FED45E1DCAC81E00C0BDA8 /* toolBarLeft.h */,
				73FED45F1DCAC81E00C0BDA8 /* toolBarLeft.m */,
				73FED4611DCAC82E00C0BDA8 /* toolBarRight.h */,
				73FED4621DCAC82E00C0BDA8 /* toolBarRight.m */,
				7304D3751DCE045D00A17A2C /* FontView.h */,
				7304D3761DCE045D00A17A2C /* FontView.m */,
			);
			name = View;
			sourceTree = "<group>";
		};
		73FED44F1DCAC3E900C0BDA8 /* Controller */ = {
			isa = PBXGroup;
			children = (
				7300568B1DC9C6FF001631E8 /* SecondViewController.h */,
				7300568C1DC9C6FF001631E8 /* SecondViewController.m */,
				736201F61DCF7C0D00345C7A /* TakePictureViewController.h */,
				736201F71DCF7C0D00345C7A /* TakePictureViewController.m */,
			);
			name = Controller;
			sourceTree = "<group>";
		};
		73FED4501DCAC3F600C0BDA8 /* Model */ = {
			isa = PBXGroup;
			children = (
				736201F31DCF6D9C00345C7A /* UserDefault.h */,
				736201F41DCF6D9C00345C7A /* UserDefault.m */,
			);
			name = Model;
			sourceTree = "<group>";
		};
/* End PBXGroup section */

/* Begin PBXNativeTarget section */
		730056541DC9C4A9001631E8 /* WidthWidth */ = {
			isa = PBXNativeTarget;
			buildConfigurationList = 730056821DC9C4A9001631E8 /* Build configuration list for PBXNativeTarget "WidthWidth" */;
			buildPhases = (
				730056511DC9C4A9001631E8 /* Sources */,
				730056521DC9C4A9001631E8 /* Frameworks */,
				730056531DC9C4A9001631E8 /* Resources */,
			);
			buildRules = (
			);
			dependencies = (
			);
			name = WidthWidth;
			productName = WidthWidth;
			productReference = 730056551DC9C4A9001631E8 /* WidthWidth.app */;
			productType = "com.apple.product-type.application";
		};
		7300566D1DC9C4A9001631E8 /* WidthWidthTests */ = {
			isa = PBXNativeTarget;
			buildConfigurationList = 730056851DC9C4A9001631E8 /* Build configuration list for PBXNativeTarget "WidthWidthTests" */;
			buildPhases = (
				7300566A1DC9C4A9001631E8 /* Sources */,
				7300566B1DC9C4A9001631E8 /* Frameworks */,
				7300566C1DC9C4A9001631E8 /* Resources */,
			);
			buildRules = (
			);
			dependencies = (
				730056701DC9C4A9001631E8 /* PBXTargetDependency */,
			);
			name = WidthWidthTests;
			productName = WidthWidthTests;
			productReference = 7300566E1DC9C4A9001631E8 /* WidthWidthTests.xctest */;
			productType = "com.apple.product-type.bundle.unit-test";
		};
		730056781DC9C4A9001631E8 /* WidthWidthUITests */ = {
			isa = PBXNativeTarget;
			buildConfigurationList = 730056881DC9C4A9001631E8 /* Build configuration list for PBXNativeTarget "WidthWidthUITests" */;
			buildPhases = (
				730056751DC9C4A9001631E8 /* Sources */,
				730056761DC9C4A9001631E8 /* Frameworks */,
				730056771DC9C4A9001631E8 /* Resources */,
			);
			buildRules = (
			);
			dependencies = (
				7300567B1DC9C4A9001631E8 /* PBXTargetDependency */,
			);
			name = WidthWidthUITests;
			productName = WidthWidthUITests;
			productReference = 730056791DC9C4A9001631E8 /* WidthWidthUITests.xctest */;
			productType = "com.apple.product-type.bundle.ui-testing";
		};
/* End PBXNativeTarget section */

/* Begin PBXProject section */
		7300564D1DC9C4A9001631E8 /* Project object */ = {
			isa = PBXProject;
			attributes = {
				LastUpgradeCheck = 0810;
				ORGANIZATIONNAME = www.hangagi.cn;
				TargetAttributes = {
					730056541DC9C4A9001631E8 = {
						CreatedOnToolsVersion = 8.1;
						DevelopmentTeam = N4XD85HZNV;
						ProvisioningStyle = Automatic;
					};
					7300566D1DC9C4A9001631E8 = {
						CreatedOnToolsVersion = 8.1;
						ProvisioningStyle = Automatic;
						TestTargetID = 730056541DC9C4A9001631E8;
					};
					730056781DC9C4A9001631E8 = {
						CreatedOnToolsVersion = 8.1;
						ProvisioningStyle = Automatic;
						TestTargetID = 730056541DC9C4A9001631E8;
					};
				};
			};
			buildConfigurationList = 730056501DC9C4A9001631E8 /* Build configuration list for PBXProject "WidthWidth" */;
			compatibilityVersion = "Xcode 3.2";
			developmentRegion = English;
			hasScannedForEncodings = 0;
			knownRegions = (
				en,
				Base,
			);
			mainGroup = 7300564C1DC9C4A9001631E8;
			productRefGroup = 730056561DC9C4A9001631E8 /* Products */;
			projectDirPath = "";
			projectRoot = "";
			targets = (
				730056541DC9C4A9001631E8 /* WidthWidth */,
				7300566D1DC9C4A9001631E8 /* WidthWidthTests */,
				730056781DC9C4A9001631E8 /* WidthWidthUITests */,
			);
		};
/* End PBXProject section */

/* Begin PBXResourcesBuildPhase section */
		730056531DC9C4A9001631E8 /* Resources */ = {
			isa = PBXResourcesBuildPhase;
			buildActionMask = 2147483647;
			files = (
				730056681DC9C4A9001631E8 /* LaunchScreen.storyboard in Resources */,
				730056651DC9C4A9001631E8 /* Assets.xcassets in Resources */,
				730056631DC9C4A9001631E8 /* Main.storyboard in Resources */,
			);
			runOnlyForDeploymentPostprocessing = 0;
		};
		7300566C1DC9C4A9001631E8 /* Resources */ = {
			isa = PBXResourcesBuildPhase;
			buildActionMask = 2147483647;
			files = (
			);
			runOnlyForDeploymentPostprocessing = 0;
		};
		730056771DC9C4A9001631E8 /* Resources */ = {
			isa = PBXResourcesBuildPhase;
			buildActionMask = 2147483647;
			files = (
			);
			runOnlyForDeploymentPostprocessing = 0;
		};
/* End PBXResourcesBuildPhase section */

/* Begin PBXSourcesBuildPhase section */
		730056511DC9C4A9001631E8 /* Sources */ = {
			isa = PBXSourcesBuildPhase;
			buildActionMask = 2147483647;
			files = (
				736201F21DCF326000345C7A /* CCTools+GIF.m in Sources */,
				736201E81DCF207100345C7A /* UIView+CCAdditions.m in Sources */,
				730056B41DC9D64D001631E8 /* NSLayoutConstraint+MASDebugAdditions.m in Sources */,
				7300568D1DC9C6FF001631E8 /* SecondViewController.m in Sources */,
				730056B21DC9D64D001631E8 /* MASViewConstraint.m in Sources */,
				730056601DC9C4A9001631E8 /* ViewController.m in Sources */,
				736201E91DCF207100345C7A /* UIView+CCAlertView.m in Sources */,
				7300565D1DC9C4A9001631E8 /* AppDelegate.m in Sources */,
				73FED4571DCAC7E800C0BDA8 /* toolBarBaseView.m in Sources */,
				73FED4631DCAC82E00C0BDA8 /* toolBarRight.m in Sources */,
				736201E71DCF207100345C7A /* UILabel+CCFont.m in Sources */,
				730056901DC9C9D4001631E8 /* CusNavigationViewController.m in Sources */,
				736201F51DCF6D9C00345C7A /* UserDefault.m in Sources */,
				730056B51DC9D64D001631E8 /* View+MASAdditions.m in Sources */,
				736201F11DCF326000345C7A /* CCTools.m in Sources */,
				730056AD1DC9D64D001631E8 /* MASCompositeConstraint.m in Sources */,
				730056B11DC9D64D001631E8 /* MASViewAttribute.m in Sources */,
				730056AF1DC9D64D001631E8 /* MASConstraintMaker.m in Sources */,
				73FED4601DCAC81E00C0BDA8 /* toolBarLeft.m in Sources */,
				7304D3771DCE045D00A17A2C /* FontView.m in Sources */,
				73FED45A1DCAC80300C0BDA8 /* toolBarTop.m in Sources */,
				730056B31DC9D64D001631E8 /* NSArray+MASAdditions.m in Sources */,
				736201F81DCF7C0D00345C7A /* TakePictureViewController.m in Sources */,
				73FED45D1DCAC81200C0BDA8 /* tooBarBottom.m in Sources */,
				736201EA1DCF207100345C7A /* UIView+CCHUD.m in Sources */,
				730056B61DC9D64D001631E8 /* ViewController+MASAdditions.m in Sources */,
				7304D37A1DCE093600A17A2C /* previewLayer.m in Sources */,
				730056AE1DC9D64D001631E8 /* MASConstraint.m in Sources */,
				730056B01DC9D64D001631E8 /* MASLayoutConstraint.m in Sources */,
				7300565A1DC9C4A9001631E8 /* main.m in Sources */,
			);
			runOnlyForDeploymentPostprocessing = 0;
		};
		7300566A1DC9C4A9001631E8 /* Sources */ = {
			isa = PBXSourcesBuildPhase;
			buildActionMask = 2147483647;
			files = (
				730056731DC9C4A9001631E8 /* WidthWidthTests.m in Sources */,
			);
			runOnlyForDeploymentPostprocessing = 0;
		};
		730056751DC9C4A9001631E8 /* Sources */ = {
			isa = PBXSourcesBuildPhase;
			buildActionMask = 2147483647;
			files = (
				7300567E1DC9C4A9001631E8 /* WidthWidthUITests.m in Sources */,
			);
			runOnlyForDeploymentPostprocessing = 0;
		};
/* End PBXSourcesBuildPhase section */

/* Begin PBXTargetDependency section */
		730056701DC9C4A9001631E8 /* PBXTargetDependency */ = {
			isa = PBXTargetDependency;
			target = 730056541DC9C4A9001631E8 /* WidthWidth */;
			targetProxy = 7300566F1DC9C4A9001631E8 /* PBXContainerItemProxy */;
		};
		7300567B1DC9C4A9001631E8 /* PBXTargetDependency */ = {
			isa = PBXTargetDependency;
			target = 730056541DC9C4A9001631E8 /* WidthWidth */;
			targetProxy = 7300567A1DC9C4A9001631E8 /* PBXContainerItemProxy */;
		};
/* End PBXTargetDependency section */

/* Begin PBXVariantGroup section */
		730056611DC9C4A9001631E8 /* Main.storyboard */ = {
			isa = PBXVariantGroup;
			children = (
				730056621DC9C4A9001631E8 /* Base */,
			);
			name = Main.storyboard;
			sourceTree = "<group>";
		};
		730056661DC9C4A9001631E8 /* LaunchScreen.storyboard */ = {
			isa = PBXVariantGroup;
			children = (
				730056671DC9C4A9001631E8 /* Base */,
			);
			name = LaunchScreen.storyboard;
			sourceTree = "<group>";
		};
/* End PBXVariantGroup section */

/* Begin XCBuildConfiguration section */
		730056801DC9C4A9001631E8 /* Debug */ = {
			isa = XCBuildConfiguration;
			buildSettings = {
				ALWAYS_SEARCH_USER_PATHS = NO;
				CLANG_ANALYZER_NONNULL = YES;
				CLANG_CXX_LANGUAGE_STANDARD = "gnu++0x";
				CLANG_CXX_LIBRARY = "libc++";
				CLANG_ENABLE_MODULES = YES;
				CLANG_ENABLE_OBJC_ARC = YES;
				CLANG_WARN_BOOL_CONVERSION = YES;
				CLANG_WARN_CONSTANT_CONVERSION = YES;
				CLANG_WARN_DIRECT_OBJC_ISA_USAGE = YES_ERROR;
				CLANG_WARN_DOCUMENTATION_COMMENTS = YES;
				CLANG_WARN_EMPTY_BODY = YES;
				CLANG_WARN_ENUM_CONVERSION = YES;
				CLANG_WARN_INFINITE_RECURSION = YES;
				CLANG_WARN_INT_CONVERSION = YES;
				CLANG_WARN_OBJC_ROOT_CLASS = YES_ERROR;
				CLANG_WARN_SUSPICIOUS_MOVES = YES;
				CLANG_WARN_UNREACHABLE_CODE = YES;
				CLANG_WARN__DUPLICATE_METHOD_MATCH = YES;
				"CODE_SIGN_IDENTITY[sdk=iphoneos*]" = "iPhone Developer";
				COPY_PHASE_STRIP = NO;
				DEBUG_INFORMATION_FORMAT = dwarf;
				ENABLE_STRICT_OBJC_MSGSEND = YES;
				ENABLE_TESTABILITY = YES;
				GCC_C_LANGUAGE_STANDARD = gnu99;
				GCC_DYNAMIC_NO_PIC = NO;
				GCC_NO_COMMON_BLOCKS = YES;
				GCC_OPTIMIZATION_LEVEL = 0;
				GCC_PREPROCESSOR_DEFINITIONS = (
					"DEBUG=1",
					"$(inherited)",
				);
				GCC_WARN_64_TO_32_BIT_CONVERSION = YES;
				GCC_WARN_ABOUT_RETURN_TYPE = YES_ERROR;
				GCC_WARN_UNDECLARED_SELECTOR = YES;
				GCC_WARN_UNINITIALIZED_AUTOS = YES_AGGRESSIVE;
				GCC_WARN_UNUSED_FUNCTION = YES;
				GCC_WARN_UNUSED_VARIABLE = YES;
				IPHONEOS_DEPLOYMENT_TARGET = 10.1;
				MTL_ENABLE_DEBUG_INFO = YES;
				ONLY_ACTIVE_ARCH = YES;
				SDKROOT = iphoneos;
				TARGETED_DEVICE_FAMILY = "1,2";
			};
			name = Debug;
		};
		730056811DC9C4A9001631E8 /* Release */ = {
			isa = XCBuildConfiguration;
			buildSettings = {
				ALWAYS_SEARCH_USER_PATHS = NO;
				CLANG_ANALYZER_NONNULL = YES;
				CLANG_CXX_LANGUAGE_STANDARD = "gnu++0x";
				CLANG_CXX_LIBRARY = "libc++";
				CLANG_ENABLE_MODULES = YES;
				CLANG_ENABLE_OBJC_ARC = YES;
				CLANG_WARN_BOOL_CONVERSION = YES;
				CLANG_WARN_CONSTANT_CONVERSION = YES;
				CLANG_WARN_DIRECT_OBJC_ISA_USAGE = YES_ERROR;
				CLANG_WARN_DOCUMENTATION_COMMENTS = YES;
				CLANG_WARN_EMPTY_BODY = YES;
				CLANG_WARN_ENUM_CONVERSION = YES;
				CLANG_WARN_INFINITE_RECURSION = YES;
				CLANG_WARN_INT_CONVERSION = YES;
				CLANG_WARN_OBJC_ROOT_CLASS = YES_ERROR;
				CLANG_WARN_SUSPICIOUS_MOVES = YES;
				CLANG_WARN_UNREACHABLE_CODE = YES;
				CLANG_WARN__DUPLICATE_METHOD_MATCH = YES;
				"CODE_SIGN_IDENTITY[sdk=iphoneos*]" = "iPhone Developer";
				COPY_PHASE_STRIP = NO;
				DEBUG_INFORMATION_FORMAT = "dwarf-with-dsym";
				ENABLE_NS_ASSERTIONS = NO;
				ENABLE_STRICT_OBJC_MSGSEND = YES;
				GCC_C_LANGUAGE_STANDARD = gnu99;
				GCC_NO_COMMON_BLOCKS = YES;
				GCC_WARN_64_TO_32_BIT_CONVERSION = YES;
				GCC_WARN_ABOUT_RETURN_TYPE = YES_ERROR;
				GCC_WARN_UNDECLARED_SELECTOR = YES;
				GCC_WARN_UNINITIALIZED_AUTOS = YES_AGGRESSIVE;
				GCC_WARN_UNUSED_FUNCTION = YES;
				GCC_WARN_UNUSED_VARIABLE = YES;
				IPHONEOS_DEPLOYMENT_TARGET = 10.1;
				MTL_ENABLE_DEBUG_INFO = NO;
				SDKROOT = iphoneos;
				TARGETED_DEVICE_FAMILY = "1,2";
				VALIDATE_PRODUCT = YES;
			};
			name = Release;
		};
		730056831DC9C4A9001631E8 /* Debug */ = {
			isa = XCBuildConfiguration;
			buildSettings = {
				ASSETCATALOG_COMPILER_APPICON_NAME = AppIcon;
				DEVELOPMENT_TEAM = N4XD85HZNV;
				GCC_INCREASE_PRECOMPILED_HEADER_SHARING = YES;
				GCC_PRECOMPILE_PREFIX_HEADER = YES;
				GCC_PREFIX_HEADER = "$(SRCROOT)/WidthWidth/PrefixHeader.pch";
				INFOPLIST_FILE = WidthWidth/Info.plist;
				IPHONEOS_DEPLOYMENT_TARGET = 10.0;
				LD_RUNPATH_SEARCH_PATHS = "$(inherited) @executable_path/Frameworks";
				PRODUCT_BUNDLE_IDENTIFIER = com.kangagi.WidthWidth;
				PRODUCT_NAME = "$(TARGET_NAME)";
			};
			name = Debug;
		};
		730056841DC9C4A9001631E8 /* Release */ = {
			isa = XCBuildConfiguration;
			buildSettings = {
				ASSETCATALOG_COMPILER_APPICON_NAME = AppIcon;
				DEVELOPMENT_TEAM = N4XD85HZNV;
				GCC_INCREASE_PRECOMPILED_HEADER_SHARING = YES;
				GCC_PRECOMPILE_PREFIX_HEADER = YES;
				GCC_PREFIX_HEADER = "$(SRCROOT)/WidthWidth/PrefixHeader.pch";
				INFOPLIST_FILE = WidthWidth/Info.plist;
				IPHONEOS_DEPLOYMENT_TARGET = 10.0;
				LD_RUNPATH_SEARCH_PATHS = "$(inherited) @executable_path/Frameworks";
				PRODUCT_BUNDLE_IDENTIFIER = com.kangagi.WidthWidth;
				PRODUCT_NAME = "$(TARGET_NAME)";
			};
			name = Release;
		};
		730056861DC9C4A9001631E8 /* Debug */ = {
			isa = XCBuildConfiguration;
			buildSettings = {
				BUNDLE_LOADER = "$(TEST_HOST)";
				INFOPLIST_FILE = WidthWidthTests/Info.plist;
				LD_RUNPATH_SEARCH_PATHS = "$(inherited) @executable_path/Frameworks @loader_path/Frameworks";
				PRODUCT_BUNDLE_IDENTIFIER = com.kangagi.WidthWidthTests;
				PRODUCT_NAME = "$(TARGET_NAME)";
				TEST_HOST = "$(BUILT_PRODUCTS_DIR)/WidthWidth.app/WidthWidth";
			};
			name = Debug;
		};
		730056871DC9C4A9001631E8 /* Release */ = {
			isa = XCBuildConfiguration;
			buildSettings = {
				BUNDLE_LOADER = "$(TEST_HOST)";
				INFOPLIST_FILE = WidthWidthTests/Info.plist;
				LD_RUNPATH_SEARCH_PATHS = "$(inherited) @executable_path/Frameworks @loader_path/Frameworks";
				PRODUCT_BUNDLE_IDENTIFIER = com.kangagi.WidthWidthTests;
				PRODUCT_NAME = "$(TARGET_NAME)";
				TEST_HOST = "$(BUILT_PRODUCTS_DIR)/WidthWidth.app/WidthWidth";
			};
			name = Release;
		};
		730056891DC9C4A9001631E8 /* Debug */ = {
			isa = XCBuildConfiguration;
			buildSettings = {
				INFOPLIST_FILE = WidthWidthUITests/Info.plist;
				LD_RUNPATH_SEARCH_PATHS = "$(inherited) @executable_path/Frameworks @loader_path/Frameworks";
				PRODUCT_BUNDLE_IDENTIFIER = com.kangagi.WidthWidthUITests;
				PRODUCT_NAME = "$(TARGET_NAME)";
				TEST_TARGET_NAME = WidthWidth;
			};
			name = Debug;
		};
		7300568A1DC9C4A9001631E8 /* Release */ = {
			isa = XCBuildConfiguration;
			buildSettings = {
				INFOPLIST_FILE = WidthWidthUITests/Info.plist;
				LD_RUNPATH_SEARCH_PATHS = "$(inherited) @executable_path/Frameworks @loader_path/Frameworks";
				PRODUCT_BUNDLE_IDENTIFIER = com.kangagi.WidthWidthUITests;
				PRODUCT_NAME = "$(TARGET_NAME)";
				TEST_TARGET_NAME = WidthWidth;
			};
			name = Release;
		};
/* End XCBuildConfiguration section */

/* Begin XCConfigurationList section */
		730056501DC9C4A9001631E8 /* Build configuration list for PBXProject "WidthWidth" */ = {
			isa = XCConfigurationList;
			buildConfigurations = (
				730056801DC9C4A9001631E8 /* Debug */,
				730056811DC9C4A9001631E8 /* Release */,
			);
			defaultConfigurationIsVisible = 0;
			defaultConfigurationName = Release;
		};
		730056821DC9C4A9001631E8 /* Build configuration list for PBXNativeTarget "WidthWidth" */ = {
			isa = XCConfigurationList;
			buildConfigurations = (
				730056831DC9C4A9001631E8 /* Debug */,
				730056841DC9C4A9001631E8 /* Release */,
			);
			defaultConfigurationIsVisible = 0;
			defaultConfigurationName = Release;
		};
		730056851DC9C4A9001631E8 /* Build configuration list for PBXNativeTarget "WidthWidthTests" */ = {
			isa = XCConfigurationList;
			buildConfigurations = (
				730056861DC9C4A9001631E8 /* Debug */,
				730056871DC9C4A9001631E8 /* Release */,
			);
			defaultConfigurationIsVisible = 0;
			defaultConfigurationName = Release;
		};
		730056881DC9C4A9001631E8 /* Build configuration list for PBXNativeTarget "WidthWidthUITests" */ = {
			isa = XCConfigurationList;
			buildConfigurations = (
				730056891DC9C4A9001631E8 /* Debug */,
				7300568A1DC9C4A9001631E8 /* Release */,
			);
			defaultConfigurationIsVisible = 0;
			defaultConfigurationName = Release;
		};
/* End XCConfigurationList section */
	};
	rootObject = 7300564D1DC9C4A9001631E8 /* Project object */;
}
